Microsoft Visual Studio Solution File, Format Version 7.00
Project("{8BC9CEB8-8B4A-11D0-8D11-00A0C91BC942}") = "fxGhost", "fxGhost.vcproj", "{516A2AC9-C301-454A-A04F-4F18FB0DB0C1}"
EndProject
Global
	GlobalSection(SolutionConfiguration) = preSolution
		ConfigName.0 = Debug
		ConfigName.1 = Release
	EndGlobalSection
	GlobalSection(ProjectDependencies) = postSolution
	EndGlobalSection
	GlobalSection(ProjectConfiguration) = postSolution
		{516A2AC9-C301-454A-A04F-4F18FB0DB0C1}.Debug.ActiveCfg = Debug|Win32
		{516A2AC9-C301-454A-A04F-4F18FB0DB0C1}.Debug.Build.0 = Debug|Win32
		{516A2AC9-C301-454A-A04F-4F18FB0DB0C1}.Release.ActiveCfg = Release|Win32
		{516A2AC9-C301-454A-A04F-4F18FB0DB0C1}.Release.Build.0 = Release|Win32
	EndGlobalSection
	GlobalSection(ExtensibilityGlobals) = postSolution
	EndGlobalSection
	GlobalSection(ExtensibilityAddIns) = postSolution
	EndGlobalSection
EndGlobal
