Microsoft Visual Studio Solution File, Format Version 7.00
Project("{8BC9CEB8-8B4A-11D0-8D11-00A0C91BC942}") = "fxToon", "fxToon.vcproj", "{C0C2F949-7576-44C6-8EC2-2231BD3E95C0}"
EndProject
Global
	GlobalSection(SolutionConfiguration) = preSolution
		ConfigName.0 = Debug
		ConfigName.1 = Release
	EndGlobalSection
	GlobalSection(ProjectDependencies) = postSolution
	EndGlobalSection
	GlobalSection(ProjectConfiguration) = postSolution
		{C0C2F949-7576-44C6-8EC2-2231BD3E95C0}.Debug.ActiveCfg = Debug|Win32
		{C0C2F949-7576-44C6-8EC2-2231BD3E95C0}.Debug.Build.0 = Debug|Win32
		{C0C2F949-7576-44C6-8EC2-2231BD3E95C0}.Release.ActiveCfg = Release|Win32
		{C0C2F949-7576-44C6-8EC2-2231BD3E95C0}.Release.Build.0 = Release|Win32
	EndGlobalSection
	GlobalSection(ExtensibilityGlobals) = postSolution
	EndGlobalSection
	GlobalSection(ExtensibilityAddIns) = postSolution
	EndGlobalSection
EndGlobal
