Microsoft Visual Studio Solution File, Format Version 7.00
Project("{8BC9CEB8-8B4A-11D0-8D11-00A0C91BC942}") = "fxVHS", "fxVHS.vcproj", "{236B8419-4D27-4B00-B180-A2A2EAA0CADE}"
EndProject
Global
	GlobalSection(SolutionConfiguration) = preSolution
		ConfigName.0 = Debug
		ConfigName.1 = Release
	EndGlobalSection
	GlobalSection(ProjectDependencies) = postSolution
	EndGlobalSection
	GlobalSection(ProjectConfiguration) = postSolution
		{236B8419-4D27-4B00-B180-A2A2EAA0CADE}.Debug.ActiveCfg = Debug|Win32
		{236B8419-4D27-4B00-B180-A2A2EAA0CADE}.Debug.Build.0 = Debug|Win32
		{236B8419-4D27-4B00-B180-A2A2EAA0CADE}.Release.ActiveCfg = Release|Win32
		{236B8419-4D27-4B00-B180-A2A2EAA0CADE}.Release.Build.0 = Release|Win32
	EndGlobalSection
	GlobalSection(ExtensibilityGlobals) = postSolution
	EndGlobalSection
	GlobalSection(ExtensibilityAddIns) = postSolution
	EndGlobalSection
EndGlobal
